{
  "pins" : [
    {
      "identity" : "activityindicatorview",
      "kind" : "remoteSourceControl",
      "location" : "https://github.com/exyte/ActivityIndicatorView",
      "state" : {
        "revision" : "0fb57e69b6130b4beb8ba49eaafe13563f2f6bd6",
        "version" : "1.1.0"
      }
    },
    {
      "identity" : "foodlabel",
      "kind" : "remoteSourceControl",
      "location" : "https://github.com/pxlshpr/FoodLabel",
      "state" : {
        "revision" : "0e4158e55054e57c6f5af8081b5792c626a68882",
        "version" : "0.0.28"
      }
    },
    {
      "identity" : "foodlabelscanner",
      "kind" : "remoteSourceControl",
      "location" : "https://github.com/pxlshpr/FoodLabelScanner",
      "state" : {
        "revision" : "e88081bead27c85eae476bf84c30731cb4c52c03",
        "version" : "0.0.80"
      }
    },
    {
      "identity" : "prepdatatypes",
      "kind" : "remoteSourceControl",
      "location" : "https://github.com/pxlshpr/PrepDataTypes",
      "state" : {
        "revision" : "2e9b23efbfee2d7ed7f310157af4f60a89d1b3d1",
        "version" : "0.0.97"
      }
    },
    {
      "identity" : "swifthaptics",
      "kind" : "remoteSourceControl",
      "location" : "https://github.com/pxlshpr/SwiftHaptics",
      "state" : {
        "revision" : "c3069ce1390e5562b2d2c0e4ffed5a1b4e9aba54",
        "version" : "0.1.3"
      }
    },
    {
      "identity" : "swiftsugar",
      "kind" : "remoteSourceControl",
      "location" : "https://github.com/pxlshpr/SwiftSugar",
      "state" : {
        "revision" : "3ef3d92d9dc3fe6fce56cb244a8ca3840a081be9",
        "version" : "0.0.85"
      }
    },
    {
      "identity" : "swiftuisugar",
      "kind" : "remoteSourceControl",
      "location" : "https://github.com/pxlshpr/SwiftUISugar",
      "state" : {
        "revision" : "1d392f84745dabb7619bb657e421639f16c5db66",
        "version" : "0.0.212"
      }
    },
    {
      "identity" : "visionsugar",
      "kind" : "remoteSourceControl",
      "location" : "https://github.com/pxlshpr/VisionSugar",
      "state" : {
        "revision" : "d48e9bae9dc8bf7e3b75f39624318c0474c34dd9",
        "version" : "0.0.74"
      }
    }
  ],
  "version" : 2
}
